{
  "version": "5",
  "specifiers": {
    "jsr:@noble/curves@2.3.0": "2.3.0",
    "jsr:@noble/ed25519@^3.1.0": "3.1.0",
    "jsr:@noble/hashes@2.3.0": "2.3.0",
    "jsr:@noble/secp256k1@3.1.0": "3.1.0",
    "jsr:@oak/commons@1": "1.0.1",
    "jsr:@oak/oak@^17.2.0": "17.2.0",
    "jsr:@onamea/crdt@0.5": "0.5.0",
    "jsr:@onamea/types@~0.5.2": "0.5.3",
    "jsr:@onamea/types@~0.5.3": "0.5.3",
    "jsr:@scure/base@2.3.0": "2.3.0",
    "jsr:@scure/bip32@^2.2.0": "2.3.0",
    "jsr:@scure/bip39@^2.2.0": "2.3.0",
    "jsr:@std/assert@1": "1.0.19",
    "jsr:@std/assert@^1.0.19": "1.0.19",
    "jsr:@std/bytes@1": "1.0.6",
    "jsr:@std/crypto@1": "1.0.5",
    "jsr:@std/encoding@1": "1.0.11",
    "jsr:@std/encoding@^1.0.11": "1.0.11",
    "jsr:@std/http@1": "1.1.3",
    "jsr:@std/internal@^1.0.12": "1.0.14",
    "jsr:@std/internal@^1.0.14": "1.0.14",
    "jsr:@std/media-types@1": "1.1.0",
    "jsr:@std/path@1": "1.1.6",
    "npm:@cfworker/json-schema@^4.1.1": "4.1.1",
    "npm:path-to-regexp@^6.3.0": "6.3.0"
  },
  "jsr": {
    "@noble/curves@2.3.0": {
      "integrity": "bd5045770794f80d2db22b1819cf94b8e4c0254b6ee0da178b860c61c37bf324",
      "dependencies": [
        "jsr:@noble/hashes"
      ]
    },
    "@noble/ed25519@3.1.0": {
      "integrity": "30a76690b05ef5e71cf9573d9617a8483cdf5368414040909b028802103fdc85"
    },
    "@noble/hashes@2.3.0": {
      "integrity": "dcbcf932492f0453e5abe95bdc610d645084883c3fe0e9055802462ad7fc719b"
    },
    "@noble/secp256k1@3.1.0": {
      "integrity": "cd6b02d94b96ce37f6ef332fa20ebaeefa603edda5e3488f15be06fd1a52a359"
    },
    "@oak/commons@1.0.1": {
      "integrity": "889ff210f0b4292591721be07244ecb1b5c118742f5273c70cf30d7cd4184d0c",
      "dependencies": [
        "jsr:@std/assert@1",
        "jsr:@std/bytes",
        "jsr:@std/crypto",
        "jsr:@std/encoding@1",
        "jsr:@std/http",
        "jsr:@std/media-types"
      ]
    },
    "@oak/oak@17.2.0": {
      "integrity": "938537a92fc7922a46a9984696c65fb189c9baad164416ac3e336768a9ff0cd1",
      "dependencies": [
        "jsr:@oak/commons",
        "jsr:@std/assert@1",
        "jsr:@std/bytes",
        "jsr:@std/http",
        "jsr:@std/media-types",
        "jsr:@std/path",
        "npm:path-to-regexp"
      ]
    },
    "@onamea/crdt@0.5.0": {
      "integrity": "e7d933daba0f3a656817eb99aaecfd076478191c6e9a63180166cac85b274160",
      "dependencies": [
        "jsr:@onamea/types@~0.5.2",
        "npm:@cfworker/json-schema"
      ]
    },
    "@onamea/types@0.5.3": {
      "integrity": "3d617fe6892ce8de49402a7fbe6a2d9266d8662d8f246229bb7f273d39181b9c",
      "dependencies": [
        "jsr:@noble/ed25519",
        "jsr:@noble/hashes",
        "jsr:@noble/secp256k1",
        "jsr:@scure/bip32",
        "jsr:@scure/bip39"
      ]
    },
    "@scure/base@2.3.0": {
      "integrity": "c63d67912885ed1f0412200d896f3695f1b1a5b01a323ae8792d9d53bc20e608"
    },
    "@scure/bip32@2.3.0": {
      "integrity": "0c42aa8bcbed4bae5a429ce71aba02cb48e9b1af8d282bc55983871ad3eaa652",
      "dependencies": [
        "jsr:@noble/curves",
        "jsr:@noble/hashes",
        "jsr:@scure/base"
      ]
    },
    "@scure/bip39@2.3.0": {
      "integrity": "f774ade2d9b656ad4ed85b0a350baa7d701fa57667574b690108491407652c19",
      "dependencies": [
        "jsr:@noble/hashes"
      ]
    },
    "@std/assert@1.0.19": {
      "integrity": "eaada96ee120cb980bc47e040f82814d786fe8162ecc53c91d8df60b8755991e",
      "dependencies": [
        "jsr:@std/internal@^1.0.12"
      ]
    },
    "@std/bytes@1.0.6": {
      "integrity": "f6ac6adbd8ccd99314045f5703e23af0a68d7f7e58364b47d2c7f408aeb5820a"
    },
    "@std/crypto@1.0.5": {
      "integrity": "0dcfbb319fe0bba1bd3af904ceb4f948cde1b92979ec1614528380ed308a3b40"
    },
    "@std/encoding@1.0.11": {
      "integrity": "e7cef2f0b3153bccc17431e7c864a1de03a4b6d9647389c43e08aaa775d37385"
    },
    "@std/http@1.1.3": {
      "integrity": "73a98e05ff58aa18bea562d286172e6c815b1eddd4fcab194beda19e3683b88c",
      "dependencies": [
        "jsr:@std/encoding@^1.0.11"
      ]
    },
    "@std/internal@1.0.14": {
      "integrity": "291516b3d4c35024d6ffbc0a9df5bf4c64116e05b50012cf846710152d2ffdf7"
    },
    "@std/media-types@1.1.0": {
      "integrity": "c9d093f0c05c3512932b330e3cc1fe1d627b301db33a4c2c2185c02471d6eaa4"
    },
    "@std/path@1.1.6": {
      "integrity": "c68485c2a4dfbb5ae3cc74fae4e8c4e5d874cf8a8ed12927917235c758b46cbe",
      "dependencies": [
        "jsr:@std/internal@^1.0.14"
      ]
    }
  },
  "npm": {
    "@cfworker/json-schema@4.1.1": {
      "integrity": "sha512-gAmrUZSGtKc3AiBL71iNWxDsyUC5uMaKKGdvzYsBoTW/xi42JQHl7eKV2OYzCUqvc+D2RCcf7EXY2iCyFIk6og=="
    },
    "path-to-regexp@6.3.0": {
      "integrity": "sha512-Yhpw4T9C6hPpgPeA28us07OJeqZ5EzQTkbfwuhsUg0c237RomFoETJgmp2sa3F/41gfLE6G5cqcYwznmeEeOlQ=="
    }
  },
  "workspace": {
    "dependencies": [
      "jsr:@db/postgres@~0.19.5",
      "jsr:@noble/secp256k1@^3.1.0",
      "jsr:@oak/oak@^17.2.0",
      "jsr:@onamea/crdt@0.5",
      "jsr:@onamea/types@~0.5.3",
      "jsr:@std/assert@^1.0.19"
    ]
  }
}
